{
  "name": "ng-chessboardjs",
  "version": "0.0.1",
  "lockfileVersion": 1,
  "requires": true,
  "dependencies": {
    "chessboardjs": {
      "version": "0.0.1",
      "resolved": "https://registry.npmjs.org/chessboardjs/-/chessboardjs-0.0.1.tgz",
      "integrity": "sha1-EG4RLbpswNzc91RyopISwwT/Vk4="
    },
    "tslib": {
      "version": "2.0.3",
      "resolved": "https://registry.npmjs.org/tslib/-/tslib-2.0.3.tgz",
      "integrity": "sha512-uZtkfKblCEQtZKBF6EBXVZeQNl82yqtDQdv+eck8u7tdPxjLu2/lp5/uPW+um2tpuxINHWy3GhiccY7QgEaVHQ=="
    }
  }
}
